// !$*UTF8*$!
{
	archiveVersion = 1;
	classes = {
	};
	objectVersion = 50;
	objects = {

/* Begin PBXBuildFile section */
		4D087D3E23B7B03900A68C89 /* LayerData+Codable.swift in Sources */ = {isa = PBXBuildFile; fileRef = 4D087D3D23B7B03900A68C89 /* LayerData+Codable.swift */; };
		4D190F0323A8681200436018 /* ZoomView.swift in Sources */ = {isa = PBXBuildFile; fileRef = 4D190F0223A8681200436018 /* ZoomView.swift */; };
		4D1BC2CB23AC7EB600BE6DCD /* LayersListView.swift in Sources */ = {isa = PBXBuildFile; fileRef = 4D1BC2CA23AC7EB600BE6DCD /* LayersListView.swift */; };
		4D21478523AFED0E002B24DD /* CompactView.swift in Sources */ = {isa = PBXBuildFile; fileRef = 4D21478423AFED0E002B24DD /* CompactView.swift */; };
		4D21478723AFEE08002B24DD /* WideView.swift in Sources */ = {isa = PBXBuildFile; fileRef = 4D21478623AFEE08002B24DD /* WideView.swift */; };
		4D21478B23B00838002B24DD /* GridView.swift in Sources */ = {isa = PBXBuildFile; fileRef = 4D21478A23B00838002B24DD /* GridView.swift */; };
		4D4B192423A0A7B3002B78DB /* EffectManager.swift in Sources */ = {isa = PBXBuildFile; fileRef = 4D4B192323A0A7B3002B78DB /* EffectManager.swift */; };
		4D56BEE323AFC00200DDFF2F /* FileManager+Additions.swift in Sources */ = {isa = PBXBuildFile; fileRef = 4D56BEE223AFC00200DDFF2F /* FileManager+Additions.swift */; };
		4D56BEE523AFC0F200DDFF2F /* URL+Additions.swift in Sources */ = {isa = PBXBuildFile; fileRef = 4D56BEE423AFC0F200DDFF2F /* URL+Additions.swift */; };
		4D56BEE723AFC70000DDFF2F /* FileManager+Images.swift in Sources */ = {isa = PBXBuildFile; fileRef = 4D56BEE623AFC70000DDFF2F /* FileManager+Images.swift */; };
		4D56BEE923AFD3A200DDFF2F /* MenuManager.swift in Sources */ = {isa = PBXBuildFile; fileRef = 4D56BEE823AFD3A200DDFF2F /* MenuManager.swift */; };
		4D613FEE23AB228900308151 /* RectangleOutlineTool.swift in Sources */ = {isa = PBXBuildFile; fileRef = 4D613FED23AB228900308151 /* RectangleOutlineTool.swift */; };
		4D613FF023AB256E00308151 /* RectangleFillTool.swift in Sources */ = {isa = PBXBuildFile; fileRef = 4D613FEF23AB256E00308151 /* RectangleFillTool.swift */; };
		4D613FF223AB25DE00308151 /* CircleOutlineTool.swift in Sources */ = {isa = PBXBuildFile; fileRef = 4D613FF123AB25DE00308151 /* CircleOutlineTool.swift */; };
		4D613FF423AB28B000308151 /* FloodTool.swift in Sources */ = {isa = PBXBuildFile; fileRef = 4D613FF323AB28B000308151 /* FloodTool.swift */; };
		4D613FF623AB331300308151 /* EraserFloodTool.swift in Sources */ = {isa = PBXBuildFile; fileRef = 4D613FF523AB331300308151 /* EraserFloodTool.swift */; };
		4D626DFA22B87AFB0082631D /* ToolProtocol.swift in Sources */ = {isa = PBXBuildFile; fileRef = 4D626DF922B87AFB0082631D /* ToolProtocol.swift */; };
		4D626DFE22B9038F0082631D /* PencilTool.swift in Sources */ = {isa = PBXBuildFile; fileRef = 4D626DFD22B9038F0082631D /* PencilTool.swift */; };
		4D626E0022B9039D0082631D /* LineTool.swift in Sources */ = {isa = PBXBuildFile; fileRef = 4D626DFF22B9039D0082631D /* LineTool.swift */; };
		4D626E0222B905620082631D /* ElipseTool.swift in Sources */ = {isa = PBXBuildFile; fileRef = 4D626E0122B905620082631D /* ElipseTool.swift */; };
		4D626E0422B906360082631D /* RotateTool.swift in Sources */ = {isa = PBXBuildFile; fileRef = 4D626E0322B906360082631D /* RotateTool.swift */; };
		4D626E0622B906DB0082631D /* TransformTool.swift in Sources */ = {isa = PBXBuildFile; fileRef = 4D626E0522B906DB0082631D /* TransformTool.swift */; };
		4D65620B23B325F000F878E6 /* GridListView.swift in Sources */ = {isa = PBXBuildFile; fileRef = 4D65620A23B325F000F878E6 /* GridListView.swift */; };
		4D704A2523A87AB8004950BF /* TouchInputView.swift in Sources */ = {isa = PBXBuildFile; fileRef = 4D704A2423A87AB8004950BF /* TouchInputView.swift */; };
		4D7F387822B0892900D9B606 /* UIView+Additions.swift in Sources */ = {isa = PBXBuildFile; fileRef = 4D7F387722B0892900D9B606 /* UIView+Additions.swift */; };
		4D7F387A22B08D6000D9B606 /* String+Additions.swift in Sources */ = {isa = PBXBuildFile; fileRef = 4D7F387922B08D6000D9B606 /* String+Additions.swift */; };
		4D7F7F9723AAE634006771E6 /* CanvasLayer.swift in Sources */ = {isa = PBXBuildFile; fileRef = 4D7F7F9623AAE634006771E6 /* CanvasLayer.swift */; };
		4D7F7F9923AB1D8E006771E6 /* EraserTool.swift in Sources */ = {isa = PBXBuildFile; fileRef = 4D7F7F9823AB1D8E006771E6 /* EraserTool.swift */; };
		4D8212D223BD653B00EBD281 /* FrameManager.swift in Sources */ = {isa = PBXBuildFile; fileRef = 4D8212D123BD653B00EBD281 /* FrameManager.swift */; };
		4D8B05862398A6CE00A9AAAC /* ToolPickerView.swift in Sources */ = {isa = PBXBuildFile; fileRef = 4D8B05852398A6CE00A9AAAC /* ToolPickerView.swift */; };
		4D8B05892398A7D600A9AAAC /* PalettePixel.swift in Sources */ = {isa = PBXBuildFile; fileRef = 4D8B05882398A7D600A9AAAC /* PalettePixel.swift */; };
		4D93894423AE885400E1F854 /* HistoryManager.swift in Sources */ = {isa = PBXBuildFile; fileRef = 4D93894323AE885400E1F854 /* HistoryManager.swift */; };
		4D93894623AE8C0500E1F854 /* UndoTool.swift in Sources */ = {isa = PBXBuildFile; fileRef = 4D93894523AE8C0500E1F854 /* UndoTool.swift */; };
		4D93894823AE8C0C00E1F854 /* RedoTool.swift in Sources */ = {isa = PBXBuildFile; fileRef = 4D93894723AE8C0C00E1F854 /* RedoTool.swift */; };
		4D93894E23AED45100E1F854 /* DrawView.swift in Sources */ = {isa = PBXBuildFile; fileRef = 4D93894D23AED45100E1F854 /* DrawView.swift */; };
		4D93895023AED51E00E1F854 /* EffectsView.swift in Sources */ = {isa = PBXBuildFile; fileRef = 4D93894F23AED51E00E1F854 /* EffectsView.swift */; };
		4DAA729C2395EB2C004FDAB6 /* PixelColor+Colors.swift in Sources */ = {isa = PBXBuildFile; fileRef = 4DAA729B2395EB2C004FDAB6 /* PixelColor+Colors.swift */; };
		4DAA72A0239616E4004FDAB6 /* ToolManager.swift in Sources */ = {isa = PBXBuildFile; fileRef = 4DAA729F239616E4004FDAB6 /* ToolManager.swift */; };
		4DBFD3C322B6B6F500A18CB7 /* IntSize.swift in Sources */ = {isa = PBXBuildFile; fileRef = 4DBFD3C222B6B6F500A18CB7 /* IntSize.swift */; };
		4DBFD3C922B6D6CF00A18CB7 /* IntPoint.swift in Sources */ = {isa = PBXBuildFile; fileRef = 4DBFD3C822B6D6CF00A18CB7 /* IntPoint.swift */; };
		4DBFD3CB22B6E1D200A18CB7 /* UIView+NSLayoutConstraint.swift in Sources */ = {isa = PBXBuildFile; fileRef = 4DBFD3CA22B6E1D200A18CB7 /* UIView+NSLayoutConstraint.swift */; };
		4DBFD3CD22B6E36800A18CB7 /* CGSize+Additions.swift in Sources */ = {isa = PBXBuildFile; fileRef = 4DBFD3CC22B6E36800A18CB7 /* CGSize+Additions.swift */; };
		4DCBB6A923B537870040BC19 /* ViewModifiers.swift in Sources */ = {isa = PBXBuildFile; fileRef = 4DCBB6A823B537870040BC19 /* ViewModifiers.swift */; };
		4DCBB6B023B54FF60040BC19 /* FileView.swift in Sources */ = {isa = PBXBuildFile; fileRef = 4DCBB6AF23B54FF60040BC19 /* FileView.swift */; };
		4DCBB6B523B554540040BC19 /* MenuView.swift in Sources */ = {isa = PBXBuildFile; fileRef = 4DCBB6B423B554540040BC19 /* MenuView.swift */; };
		4DCBB6B823B55A840040BC19 /* SFSymbol.swift in Sources */ = {isa = PBXBuildFile; fileRef = 4DCBB6B723B55A840040BC19 /* SFSymbol.swift */; };
		4DCBB6BA23B573F80040BC19 /* Document.swift in Sources */ = {isa = PBXBuildFile; fileRef = 4DCBB6B923B573F80040BC19 /* Document.swift */; };
		4DD2865B23A6D54B007D632D /* LayerManager.swift in Sources */ = {isa = PBXBuildFile; fileRef = 4DD2865A23A6D54B007D632D /* LayerManager.swift */; };
		4DD4728D22AF44F500AE22F0 /* AppDelegate.swift in Sources */ = {isa = PBXBuildFile; fileRef = 4DD4728C22AF44F500AE22F0 /* AppDelegate.swift */; };
		4DD4728F22AF44F500AE22F0 /* SceneDelegate.swift in Sources */ = {isa = PBXBuildFile; fileRef = 4DD4728E22AF44F500AE22F0 /* SceneDelegate.swift */; };
		4DD4729122AF44F500AE22F0 /* ContentView.swift in Sources */ = {isa = PBXBuildFile; fileRef = 4DD4729022AF44F500AE22F0 /* ContentView.swift */; };
		4DD4729322AF44F700AE22F0 /* Assets.xcassets in Resources */ = {isa = PBXBuildFile; fileRef = 4DD4729222AF44F700AE22F0 /* Assets.xcassets */; };
		4DD4729622AF44F700AE22F0 /* Preview Assets.xcassets in Resources */ = {isa = PBXBuildFile; fileRef = 4DD4729522AF44F700AE22F0 /* Preview Assets.xcassets */; };
		4DD4729922AF44F700AE22F0 /* LaunchScreen.storyboard in Resources */ = {isa = PBXBuildFile; fileRef = 4DD4729722AF44F700AE22F0 /* LaunchScreen.storyboard */; };
		4DD472A422AF44F700AE22F0 /* PixelyrmTests.swift in Sources */ = {isa = PBXBuildFile; fileRef = 4DD472A322AF44F700AE22F0 /* PixelyrmTests.swift */; };
		4DD472AF22AF44F700AE22F0 /* PixelyrmUITests.swift in Sources */ = {isa = PBXBuildFile; fileRef = 4DD472AE22AF44F700AE22F0 /* PixelyrmUITests.swift */; };
		4DD472C222AF48D700AE22F0 /* PixelColor.swift in Sources */ = {isa = PBXBuildFile; fileRef = 4DD472C122AF48D700AE22F0 /* PixelColor.swift */; };
		4DD472C522AF4AB800AE22F0 /* UIImage+Pixel.swift in Sources */ = {isa = PBXBuildFile; fileRef = 4DD472C422AF4AB800AE22F0 /* UIImage+Pixel.swift */; };
		4DD472C722AF4B3F00AE22F0 /* Array+UInt8.swift in Sources */ = {isa = PBXBuildFile; fileRef = 4DD472C622AF4B3F00AE22F0 /* Array+UInt8.swift */; };
		4DD7986A23A6F76300E95FB0 /* LayerData.swift in Sources */ = {isa = PBXBuildFile; fileRef = 4DD7986923A6F76300E95FB0 /* LayerData.swift */; };
		4DD7986C23A6F98800E95FB0 /* CanvasLayerImageView.swift in Sources */ = {isa = PBXBuildFile; fileRef = 4DD7986B23A6F98800E95FB0 /* CanvasLayerImageView.swift */; };
		4DD8F78023A08C3600D7FE18 /* Images.swift in Sources */ = {isa = PBXBuildFile; fileRef = 4DD8F77F23A08C3600D7FE18 /* Images.swift */; };
		4DEBB53722B700BB00AB9DF0 /* UIScrollView+Additions.swift in Sources */ = {isa = PBXBuildFile; fileRef = 4DEBB53622B700BB00AB9DF0 /* UIScrollView+Additions.swift */; };
		4DEDD80323A9B7090028F0CF /* DrawManager.swift in Sources */ = {isa = PBXBuildFile; fileRef = 4DEDD80223A9B7090028F0CF /* DrawManager.swift */; };
		4DEDD80523A9B7690028F0CF /* Array+PixelColor.swift in Sources */ = {isa = PBXBuildFile; fileRef = 4DEDD80423A9B7690028F0CF /* Array+PixelColor.swift */; };
		4DF18B8C23946145007F98F1 /* ColorManager.swift in Sources */ = {isa = PBXBuildFile; fileRef = 4DF18B8B23946145007F98F1 /* ColorManager.swift */; };
		4DF18B8E23946162007F98F1 /* ColorPalette.swift in Sources */ = {isa = PBXBuildFile; fileRef = 4DF18B8D23946162007F98F1 /* ColorPalette.swift */; };
		4DF18B902394635E007F98F1 /* ColorPickerView.swift in Sources */ = {isa = PBXBuildFile; fileRef = 4DF18B8F2394635E007F98F1 /* ColorPickerView.swift */; };
		4DF18B9423947BB5007F98F1 /* SelectedColorsView.swift in Sources */ = {isa = PBXBuildFile; fileRef = 4DF18B9323947BB5007F98F1 /* SelectedColorsView.swift */; };
		4DF606D02397653B002EA24C /* AppModel.swift in Sources */ = {isa = PBXBuildFile; fileRef = 4DF606CF2397653B002EA24C /* AppModel.swift */; };
/* End PBXBuildFile section */

/* Begin PBXContainerItemProxy section */
		4DD472A022AF44F700AE22F0 /* PBXContainerItemProxy */ = {
			isa = PBXContainerItemProxy;
			containerPortal = 4DD4728122AF44F500AE22F0 /* Project object */;
			proxyType = 1;
			remoteGlobalIDString = 4DD4728822AF44F500AE22F0;
			remoteInfo = Pixelyrm;
		};
		4DD472AB22AF44F700AE22F0 /* PBXContainerItemProxy */ = {
			isa = PBXContainerItemProxy;
			containerPortal = 4DD4728122AF44F500AE22F0 /* Project object */;
			proxyType = 1;
			remoteGlobalIDString = 4DD4728822AF44F500AE22F0;
			remoteInfo = Pixelyrm;
		};
/* End PBXContainerItemProxy section */

/* Begin PBXFileReference section */
		4D087D3D23B7B03900A68C89 /* LayerData+Codable.swift */ = {isa = PBXFileReference; lastKnownFileType = sourcecode.swift; path = "LayerData+Codable.swift"; sourceTree = "<group>"; };
		4D190F0223A8681200436018 /* ZoomView.swift */ = {isa = PBXFileReference; lastKnownFileType = sourcecode.swift; path = ZoomView.swift; sourceTree = "<group>"; };
		4D1BC2CA23AC7EB600BE6DCD /* LayersListView.swift */ = {isa = PBXFileReference; lastKnownFileType = sourcecode.swift; path = LayersListView.swift; sourceTree = "<group>"; };
		4D21478423AFED0E002B24DD /* CompactView.swift */ = {isa = PBXFileReference; lastKnownFileType = sourcecode.swift; path = CompactView.swift; sourceTree = "<group>"; };
		4D21478623AFEE08002B24DD /* WideView.swift */ = {isa = PBXFileReference; lastKnownFileType = sourcecode.swift; path = WideView.swift; sourceTree = "<group>"; };
		4D21478A23B00838002B24DD /* GridView.swift */ = {isa = PBXFileReference; lastKnownFileType = sourcecode.swift; path = GridView.swift; sourceTree = "<group>"; };
		4D4B192323A0A7B3002B78DB /* EffectManager.swift */ = {isa = PBXFileReference; lastKnownFileType = sourcecode.swift; path = EffectManager.swift; sourceTree = "<group>"; };
		4D56BEE223AFC00200DDFF2F /* FileManager+Additions.swift */ = {isa = PBXFileReference; lastKnownFileType = sourcecode.swift; path = "FileManager+Additions.swift"; sourceTree = "<group>"; };
		4D56BEE423AFC0F200DDFF2F /* URL+Additions.swift */ = {isa = PBXFileReference; lastKnownFileType = sourcecode.swift; path = "URL+Additions.swift"; sourceTree = "<group>"; };
		4D56BEE623AFC70000DDFF2F /* FileManager+Images.swift */ = {isa = PBXFileReference; lastKnownFileType = sourcecode.swift; path = "FileManager+Images.swift"; sourceTree = "<group>"; };
		4D56BEE823AFD3A200DDFF2F /* MenuManager.swift */ = {isa = PBXFileReference; lastKnownFileType = sourcecode.swift; path = MenuManager.swift; sourceTree = "<group>"; };
		4D613FED23AB228900308151 /* RectangleOutlineTool.swift */ = {isa = PBXFileReference; fileEncoding = 4; lastKnownFileType = sourcecode.swift; path = RectangleOutlineTool.swift; sourceTree = "<group>"; };
		4D613FEF23AB256E00308151 /* RectangleFillTool.swift */ = {isa = PBXFileReference; fileEncoding = 4; lastKnownFileType = sourcecode.swift; path = RectangleFillTool.swift; sourceTree = "<group>"; };
		4D613FF123AB25DE00308151 /* CircleOutlineTool.swift */ = {isa = PBXFileReference; lastKnownFileType = sourcecode.swift; path = CircleOutlineTool.swift; sourceTree = "<group>"; };
		4D613FF323AB28B000308151 /* FloodTool.swift */ = {isa = PBXFileReference; lastKnownFileType = sourcecode.swift; path = FloodTool.swift; sourceTree = "<group>"; };
		4D613FF523AB331300308151 /* EraserFloodTool.swift */ = {isa = PBXFileReference; fileEncoding = 4; lastKnownFileType = sourcecode.swift; path = EraserFloodTool.swift; sourceTree = "<group>"; };
		4D626DF922B87AFB0082631D /* ToolProtocol.swift */ = {isa = PBXFileReference; lastKnownFileType = sourcecode.swift; path = ToolProtocol.swift; sourceTree = "<group>"; };
		4D626DFD22B9038F0082631D /* PencilTool.swift */ = {isa = PBXFileReference; lastKnownFileType = sourcecode.swift; path = PencilTool.swift; sourceTree = "<group>"; };
		4D626DFF22B9039D0082631D /* LineTool.swift */ = {isa = PBXFileReference; lastKnownFileType = sourcecode.swift; path = LineTool.swift; sourceTree = "<group>"; };
		4D626E0122B905620082631D /* ElipseTool.swift */ = {isa = PBXFileReference; lastKnownFileType = sourcecode.swift; path = ElipseTool.swift; sourceTree = "<group>"; };
		4D626E0322B906360082631D /* RotateTool.swift */ = {isa = PBXFileReference; lastKnownFileType = sourcecode.swift; path = RotateTool.swift; sourceTree = "<group>"; };
		4D626E0522B906DB0082631D /* TransformTool.swift */ = {isa = PBXFileReference; lastKnownFileType = sourcecode.swift; path = TransformTool.swift; sourceTree = "<group>"; };
		4D65620A23B325F000F878E6 /* GridListView.swift */ = {isa = PBXFileReference; lastKnownFileType = sourcecode.swift; path = GridListView.swift; sourceTree = "<group>"; };
		4D704A2423A87AB8004950BF /* TouchInputView.swift */ = {isa = PBXFileReference; lastKnownFileType = sourcecode.swift; path = TouchInputView.swift; sourceTree = "<group>"; };
		4D7F387722B0892900D9B606 /* UIView+Additions.swift */ = {isa = PBXFileReference; lastKnownFileType = sourcecode.swift; path = "UIView+Additions.swift"; sourceTree = "<group>"; };
		4D7F387922B08D6000D9B606 /* String+Additions.swift */ = {isa = PBXFileReference; lastKnownFileType = sourcecode.swift; path = "String+Additions.swift"; sourceTree = "<group>"; };
		4D7F7F9623AAE634006771E6 /* CanvasLayer.swift */ = {isa = PBXFileReference; lastKnownFileType = sourcecode.swift; path = CanvasLayer.swift; sourceTree = "<group>"; };
		4D7F7F9823AB1D8E006771E6 /* EraserTool.swift */ = {isa = PBXFileReference; fileEncoding = 4; lastKnownFileType = sourcecode.swift; path = EraserTool.swift; sourceTree = "<group>"; };
		4D8212D123BD653B00EBD281 /* FrameManager.swift */ = {isa = PBXFileReference; lastKnownFileType = sourcecode.swift; path = FrameManager.swift; sourceTree = "<group>"; };
		4D8B05852398A6CE00A9AAAC /* ToolPickerView.swift */ = {isa = PBXFileReference; lastKnownFileType = sourcecode.swift; path = ToolPickerView.swift; sourceTree = "<group>"; };
		4D8B05882398A7D600A9AAAC /* PalettePixel.swift */ = {isa = PBXFileReference; lastKnownFileType = sourcecode.swift; path = PalettePixel.swift; sourceTree = "<group>"; };
		4D93894323AE885400E1F854 /* HistoryManager.swift */ = {isa = PBXFileReference; lastKnownFileType = sourcecode.swift; path = HistoryManager.swift; sourceTree = "<group>"; };
		4D93894523AE8C0500E1F854 /* UndoTool.swift */ = {isa = PBXFileReference; lastKnownFileType = sourcecode.swift; path = UndoTool.swift; sourceTree = "<group>"; };
		4D93894723AE8C0C00E1F854 /* RedoTool.swift */ = {isa = PBXFileReference; lastKnownFileType = sourcecode.swift; path = RedoTool.swift; sourceTree = "<group>"; };
		4D93894D23AED45100E1F854 /* DrawView.swift */ = {isa = PBXFileReference; lastKnownFileType = sourcecode.swift; path = DrawView.swift; sourceTree = "<group>"; };
		4D93894F23AED51E00E1F854 /* EffectsView.swift */ = {isa = PBXFileReference; lastKnownFileType = sourcecode.swift; path = EffectsView.swift; sourceTree = "<group>"; };
		4DAA729B2395EB2C004FDAB6 /* PixelColor+Colors.swift */ = {isa = PBXFileReference; lastKnownFileType = sourcecode.swift; path = "PixelColor+Colors.swift"; sourceTree = "<group>"; };
		4DAA729F239616E4004FDAB6 /* ToolManager.swift */ = {isa = PBXFileReference; lastKnownFileType = sourcecode.swift; path = ToolManager.swift; sourceTree = "<group>"; };
		4DBFD3C222B6B6F500A18CB7 /* IntSize.swift */ = {isa = PBXFileReference; lastKnownFileType = sourcecode.swift; path = IntSize.swift; sourceTree = "<group>"; };
		4DBFD3C822B6D6CF00A18CB7 /* IntPoint.swift */ = {isa = PBXFileReference; lastKnownFileType = sourcecode.swift; path = IntPoint.swift; sourceTree = "<group>"; };
		4DBFD3CA22B6E1D200A18CB7 /* UIView+NSLayoutConstraint.swift */ = {isa = PBXFileReference; lastKnownFileType = sourcecode.swift; path = "UIView+NSLayoutConstraint.swift"; sourceTree = "<group>"; };
		4DBFD3CC22B6E36800A18CB7 /* CGSize+Additions.swift */ = {isa = PBXFileReference; lastKnownFileType = sourcecode.swift; path = "CGSize+Additions.swift"; sourceTree = "<group>"; };
		4DCBB6A823B537870040BC19 /* ViewModifiers.swift */ = {isa = PBXFileReference; lastKnownFileType = sourcecode.swift; path = ViewModifiers.swift; sourceTree = "<group>"; };
		4DCBB6AF23B54FF60040BC19 /* FileView.swift */ = {isa = PBXFileReference; lastKnownFileType = sourcecode.swift; path = FileView.swift; sourceTree = "<group>"; };
		4DCBB6B423B554540040BC19 /* MenuView.swift */ = {isa = PBXFileReference; lastKnownFileType = sourcecode.swift; path = MenuView.swift; sourceTree = "<group>"; };
		4DCBB6B723B55A840040BC19 /* SFSymbol.swift */ = {isa = PBXFileReference; lastKnownFileType = sourcecode.swift; path = SFSymbol.swift; sourceTree = "<group>"; };
		4DCBB6B923B573F80040BC19 /* Document.swift */ = {isa = PBXFileReference; lastKnownFileType = sourcecode.swift; path = Document.swift; sourceTree = "<group>"; };
		4DD2865A23A6D54B007D632D /* LayerManager.swift */ = {isa = PBXFileReference; lastKnownFileType = sourcecode.swift; path = LayerManager.swift; sourceTree = "<group>"; };
		4DD4728922AF44F500AE22F0 /* Pixelyrm.app */ = {isa = PBXFileReference; explicitFileType = wrapper.application; includeInIndex = 0; path = Pixelyrm.app; sourceTree = BUILT_PRODUCTS_DIR; };
		4DD4728C22AF44F500AE22F0 /* AppDelegate.swift */ = {isa = PBXFileReference; lastKnownFileType = sourcecode.swift; path = AppDelegate.swift; sourceTree = "<group>"; };
		4DD4728E22AF44F500AE22F0 /* SceneDelegate.swift */ = {isa = PBXFileReference; lastKnownFileType = sourcecode.swift; path = SceneDelegate.swift; sourceTree = "<group>"; };
		4DD4729022AF44F500AE22F0 /* ContentView.swift */ = {isa = PBXFileReference; lastKnownFileType = sourcecode.swift; path = ContentView.swift; sourceTree = "<group>"; };
		4DD4729222AF44F700AE22F0 /* Assets.xcassets */ = {isa = PBXFileReference; lastKnownFileType = folder.assetcatalog; path = Assets.xcassets; sourceTree = "<group>"; };
		4DD4729522AF44F700AE22F0 /* Preview Assets.xcassets */ = {isa = PBXFileReference; lastKnownFileType = folder.assetcatalog; path = "Preview Assets.xcassets"; sourceTree = "<group>"; };
		4DD4729822AF44F700AE22F0 /* Base */ = {isa = PBXFileReference; lastKnownFileType = file.storyboard; name = Base; path = Base.lproj/LaunchScreen.storyboard; sourceTree = "<group>"; };
		4DD4729A22AF44F700AE22F0 /* Info.plist */ = {isa = PBXFileReference; lastKnownFileType = text.plist.xml; path = Info.plist; sourceTree = "<group>"; };
		4DD4729F22AF44F700AE22F0 /* PixelyrmTests.xctest */ = {isa = PBXFileReference; explicitFileType = wrapper.cfbundle; includeInIndex = 0; path = PixelyrmTests.xctest; sourceTree = BUILT_PRODUCTS_DIR; };
		4DD472A322AF44F700AE22F0 /* PixelyrmTests.swift */ = {isa = PBXFileReference; lastKnownFileType = sourcecode.swift; path = PixelyrmTests.swift; sourceTree = "<group>"; };
		4DD472A522AF44F700AE22F0 /* Info.plist */ = {isa = PBXFileReference; lastKnownFileType = text.plist.xml; path = Info.plist; sourceTree = "<group>"; };
		4DD472AA22AF44F700AE22F0 /* PixelyrmUITests.xctest */ = {isa = PBXFileReference; explicitFileType = wrapper.cfbundle; includeInIndex = 0; path = PixelyrmUITests.xctest; sourceTree = BUILT_PRODUCTS_DIR; };
		4DD472AE22AF44F700AE22F0 /* PixelyrmUITests.swift */ = {isa = PBXFileReference; lastKnownFileType = sourcecode.swift; path = PixelyrmUITests.swift; sourceTree = "<group>"; };
		4DD472B022AF44F700AE22F0 /* Info.plist */ = {isa = PBXFileReference; lastKnownFileType = text.plist.xml; path = Info.plist; sourceTree = "<group>"; };
		4DD472BC22AF451200AE22F0 /* Pixelyrm.entitlements */ = {isa = PBXFileReference; lastKnownFileType = text.plist.entitlements; path = Pixelyrm.entitlements; sourceTree = "<group>"; };
		4DD472C122AF48D700AE22F0 /* PixelColor.swift */ = {isa = PBXFileReference; lastKnownFileType = sourcecode.swift; path = PixelColor.swift; sourceTree = "<group>"; };
		4DD472C422AF4AB800AE22F0 /* UIImage+Pixel.swift */ = {isa = PBXFileReference; lastKnownFileType = sourcecode.swift; path = "UIImage+Pixel.swift"; sourceTree = "<group>"; };
		4DD472C622AF4B3F00AE22F0 /* Array+UInt8.swift */ = {isa = PBXFileReference; lastKnownFileType = sourcecode.swift; path = "Array+UInt8.swift"; sourceTree = "<group>"; };
		4DD7986923A6F76300E95FB0 /* LayerData.swift */ = {isa = PBXFileReference; lastKnownFileType = sourcecode.swift; path = LayerData.swift; sourceTree = "<group>"; };
		4DD7986B23A6F98800E95FB0 /* CanvasLayerImageView.swift */ = {isa = PBXFileReference; lastKnownFileType = sourcecode.swift; path = CanvasLayerImageView.swift; sourceTree = "<group>"; };
		4DD8F77F23A08C3600D7FE18 /* Images.swift */ = {isa = PBXFileReference; lastKnownFileType = sourcecode.swift; path = Images.swift; sourceTree = "<group>"; };
		4DEBB53622B700BB00AB9DF0 /* UIScrollView+Additions.swift */ = {isa = PBXFileReference; lastKnownFileType = sourcecode.swift; path = "UIScrollView+Additions.swift"; sourceTree = "<group>"; };
		4DEDD80223A9B7090028F0CF /* DrawManager.swift */ = {isa = PBXFileReference; lastKnownFileType = sourcecode.swift; path = DrawManager.swift; sourceTree = "<group>"; };
		4DEDD80423A9B7690028F0CF /* Array+PixelColor.swift */ = {isa = PBXFileReference; lastKnownFileType = sourcecode.swift; path = "Array+PixelColor.swift"; sourceTree = "<group>"; };
		4DF18B8B23946145007F98F1 /* ColorManager.swift */ = {isa = PBXFileReference; lastKnownFileType = sourcecode.swift; path = ColorManager.swift; sourceTree = "<group>"; };
		4DF18B8D23946162007F98F1 /* ColorPalette.swift */ = {isa = PBXFileReference; lastKnownFileType = sourcecode.swift; path = ColorPalette.swift; sourceTree = "<group>"; };
		4DF18B8F2394635E007F98F1 /* ColorPickerView.swift */ = {isa = PBXFileReference; lastKnownFileType = sourcecode.swift; path = ColorPickerView.swift; sourceTree = "<group>"; };
		4DF18B9323947BB5007F98F1 /* SelectedColorsView.swift */ = {isa = PBXFileReference; lastKnownFileType = sourcecode.swift; path = SelectedColorsView.swift; sourceTree = "<group>"; };
		4DF606CF2397653B002EA24C /* AppModel.swift */ = {isa = PBXFileReference; lastKnownFileType = sourcecode.swift; path = AppModel.swift; sourceTree = "<group>"; };
/* End PBXFileReference section */

/* Begin PBXFrameworksBuildPhase section */
		4DD4728622AF44F500AE22F0 /* Frameworks */ = {
			isa = PBXFrameworksBuildPhase;
			buildActionMask = 2147483647;
			files = (
			);
			runOnlyForDeploymentPostprocessing = 0;
		};
		4DD4729C22AF44F700AE22F0 /* Frameworks */ = {
			isa = PBXFrameworksBuildPhase;
			buildActionMask = 2147483647;
			files = (
			);
			runOnlyForDeploymentPostprocessing = 0;
		};
		4DD472A722AF44F700AE22F0 /* Frameworks */ = {
			isa = PBXFrameworksBuildPhase;
			buildActionMask = 2147483647;
			files = (
			);
			runOnlyForDeploymentPostprocessing = 0;
		};
/* End PBXFrameworksBuildPhase section */

/* Begin PBXGroup section */
		4D087D3C23B7AFF600A68C89 /* Codable */ = {
			isa = PBXGroup;
			children = (
				4D087D3D23B7B03900A68C89 /* LayerData+Codable.swift */,
			);
			path = Codable;
			sourceTree = "<group>";
		};
		4D4B192223A0A7A8002B78DB /* Effects */ = {
			isa = PBXGroup;
			children = (
				4D4B192323A0A7B3002B78DB /* EffectManager.swift */,
			);
			path = Effects;
			sourceTree = "<group>";
		};
		4D56BEE123AFBFE400DDFF2F /* FileHandling */ = {
			isa = PBXGroup;
			children = (
				4D56BEE223AFC00200DDFF2F /* FileManager+Additions.swift */,
				4D56BEE423AFC0F200DDFF2F /* URL+Additions.swift */,
				4D56BEE623AFC70000DDFF2F /* FileManager+Images.swift */,
				4DCBB6B923B573F80040BC19 /* Document.swift */,
			);
			path = FileHandling;
			sourceTree = "<group>";
		};
		4D56BEEA23AFD3A900DDFF2F /* MenuManager */ = {
			isa = PBXGroup;
			children = (
				4D56BEE823AFD3A200DDFF2F /* MenuManager.swift */,
			);
			path = MenuManager;
			sourceTree = "<group>";
		};
		4D626DF822B87A820082631D /* Tools */ = {
			isa = PBXGroup;
			children = (
				4DAA729F239616E4004FDAB6 /* ToolManager.swift */,
				4D626DF922B87AFB0082631D /* ToolProtocol.swift */,
				4D7F7F9823AB1D8E006771E6 /* EraserTool.swift */,
				4D613FF523AB331300308151 /* EraserFloodTool.swift */,
				4D613FED23AB228900308151 /* RectangleOutlineTool.swift */,
				4D613FEF23AB256E00308151 /* RectangleFillTool.swift */,
				4D613FF123AB25DE00308151 /* CircleOutlineTool.swift */,
				4D613FF323AB28B000308151 /* FloodTool.swift */,
				4D626DFD22B9038F0082631D /* PencilTool.swift */,
				4D626DFF22B9039D0082631D /* LineTool.swift */,
				4D626E0122B905620082631D /* ElipseTool.swift */,
				4D626E0322B906360082631D /* RotateTool.swift */,
				4D626E0522B906DB0082631D /* TransformTool.swift */,
				4D93894523AE8C0500E1F854 /* UndoTool.swift */,
				4D93894723AE8C0C00E1F854 /* RedoTool.swift */,
			);
			path = Tools;
			sourceTree = "<group>";
		};
		4D8B05872398A6DF00A9AAAC /* Components */ = {
			isa = PBXGroup;
			children = (
				4D65620A23B325F000F878E6 /* GridListView.swift */,
				4D21478A23B00838002B24DD /* GridView.swift */,
				4D8B05882398A7D600A9AAAC /* PalettePixel.swift */,
				4DF18B9323947BB5007F98F1 /* SelectedColorsView.swift */,
			);
			path = Components;
			sourceTree = "<group>";
		};
		4DBFD3CE22B6E36B00A18CB7 /* DataTypes */ = {
			isa = PBXGroup;
			children = (
				4DBFD3C222B6B6F500A18CB7 /* IntSize.swift */,
				4DBFD3C822B6D6CF00A18CB7 /* IntPoint.swift */,
			);
			path = DataTypes;
			sourceTree = "<group>";
		};
		4DCBB6AB23B537CB0040BC19 /* Modifiers */ = {
			isa = PBXGroup;
			children = (
				4DCBB6A823B537870040BC19 /* ViewModifiers.swift */,
			);
			path = Modifiers;
			sourceTree = "<group>";
		};
		4DCBB6AE23B54FEE0040BC19 /* Files */ = {
			isa = PBXGroup;
			children = (
				4DCBB6AF23B54FF60040BC19 /* FileView.swift */,
			);
			path = Files;
			sourceTree = "<group>";
		};
		4DCBB6B123B552AE0040BC19 /* Layouts */ = {
			isa = PBXGroup;
			children = (
				4D21478423AFED0E002B24DD /* CompactView.swift */,
				4D21478623AFEE08002B24DD /* WideView.swift */,
			);
			path = Layouts;
			sourceTree = "<group>";
		};
		4DCBB6B223B552C00040BC19 /* InputViews */ = {
			isa = PBXGroup;
			children = (
				4D704A2423A87AB8004950BF /* TouchInputView.swift */,
				4D190F0223A8681200436018 /* ZoomView.swift */,
				4D93894D23AED45100E1F854 /* DrawView.swift */,
			);
			path = InputViews;
			sourceTree = "<group>";
		};
		4DCBB6B323B552CF0040BC19 /* Lists */ = {
			isa = PBXGroup;
			children = (
				4DF18B8F2394635E007F98F1 /* ColorPickerView.swift */,
				4D93894F23AED51E00E1F854 /* EffectsView.swift */,
				4D1BC2CA23AC7EB600BE6DCD /* LayersListView.swift */,
				4D8B05852398A6CE00A9AAAC /* ToolPickerView.swift */,
				4DCBB6B423B554540040BC19 /* MenuView.swift */,
			);
			path = Lists;
			sourceTree = "<group>";
		};
		4DCBB6B623B55A7A0040BC19 /* Symbols */ = {
			isa = PBXGroup;
			children = (
				4DCBB6B723B55A840040BC19 /* SFSymbol.swift */,
			);
			path = Symbols;
			sourceTree = "<group>";
		};
		4DD2865923A6D543007D632D /* Layers */ = {
			isa = PBXGroup;
			children = (
				4DD7986923A6F76300E95FB0 /* LayerData.swift */,
				4D7F7F9623AAE634006771E6 /* CanvasLayer.swift */,
				4DD7986B23A6F98800E95FB0 /* CanvasLayerImageView.swift */,
				4DD2865A23A6D54B007D632D /* LayerManager.swift */,
				4D8212D123BD653B00EBD281 /* FrameManager.swift */,
			);
			path = Layers;
			sourceTree = "<group>";
		};
		4DD2865E23A6D647007D632D /* History */ = {
			isa = PBXGroup;
			children = (
				4D93894323AE885400E1F854 /* HistoryManager.swift */,
			);
			path = History;
			sourceTree = "<group>";
		};
		4DD4728022AF44F500AE22F0 = {
			isa = PBXGroup;
			children = (
				4DD4728B22AF44F500AE22F0 /* Pixelyrm */,
				4DD472A222AF44F700AE22F0 /* PixelyrmTests */,
				4DD472AD22AF44F700AE22F0 /* PixelyrmUITests */,
				4DD4728A22AF44F500AE22F0 /* Products */,
			);
			sourceTree = "<group>";
		};
		4DD4728A22AF44F500AE22F0 /* Products */ = {
			isa = PBXGroup;
			children = (
				4DD4728922AF44F500AE22F0 /* Pixelyrm.app */,
				4DD4729F22AF44F700AE22F0 /* PixelyrmTests.xctest */,
				4DD472AA22AF44F700AE22F0 /* PixelyrmUITests.xctest */,
			);
			name = Products;
			sourceTree = "<group>";
		};
		4DD4728B22AF44F500AE22F0 /* Pixelyrm */ = {
			isa = PBXGroup;
			children = (
				4DD472BC22AF451200AE22F0 /* Pixelyrm.entitlements */,
				4DD4728C22AF44F500AE22F0 /* AppDelegate.swift */,
				4DD4728E22AF44F500AE22F0 /* SceneDelegate.swift */,
				4DD4729022AF44F500AE22F0 /* ContentView.swift */,
				4DF606CF2397653B002EA24C /* AppModel.swift */,
				4DD8F77F23A08C3600D7FE18 /* Images.swift */,
				4DD4729222AF44F700AE22F0 /* Assets.xcassets */,
				4D087D3C23B7AFF600A68C89 /* Codable */,
				4DCBB6B623B55A7A0040BC19 /* Symbols */,
				4DCBB6AB23B537CB0040BC19 /* Modifiers */,
				4D56BEEA23AFD3A900DDFF2F /* MenuManager */,
				4D56BEE123AFBFE400DDFF2F /* FileHandling */,
				4DEDD80123A9B6FE0028F0CF /* Drawing */,
				4D4B192223A0A7A8002B78DB /* Effects */,
				4DD2865E23A6D647007D632D /* History */,
				4DD2865923A6D543007D632D /* Layers */,
				4DF18B8A23946139007F98F1 /* Color */,
				4D626DF822B87A820082631D /* Tools */,
				4DD472BD22AF47AE00AE22F0 /* Views */,
				4DBFD3CE22B6E36B00A18CB7 /* DataTypes */,
				4DD472C322AF4AA500AE22F0 /* Extensions */,
				4DD4729722AF44F700AE22F0 /* LaunchScreen.storyboard */,
				4DD4729A22AF44F700AE22F0 /* Info.plist */,
				4DD4729422AF44F700AE22F0 /* Preview Content */,
			);
			path = Pixelyrm;
			sourceTree = "<group>";
		};
		4DD4729422AF44F700AE22F0 /* Preview Content */ = {
			isa = PBXGroup;
			children = (
				4DD4729522AF44F700AE22F0 /* Preview Assets.xcassets */,
			);
			path = "Preview Content";
			sourceTree = "<group>";
		};
		4DD472A222AF44F700AE22F0 /* PixelyrmTests */ = {
			isa = PBXGroup;
			children = (
				4DD472A322AF44F700AE22F0 /* PixelyrmTests.swift */,
				4DD472A522AF44F700AE22F0 /* Info.plist */,
			);
			path = PixelyrmTests;
			sourceTree = "<group>";
		};
		4DD472AD22AF44F700AE22F0 /* PixelyrmUITests */ = {
			isa = PBXGroup;
			children = (
				4DD472AE22AF44F700AE22F0 /* PixelyrmUITests.swift */,
				4DD472B022AF44F700AE22F0 /* Info.plist */,
			);
			path = PixelyrmUITests;
			sourceTree = "<group>";
		};
		4DD472BD22AF47AE00AE22F0 /* Views */ = {
			isa = PBXGroup;
			children = (
				4D8B05872398A6DF00A9AAAC /* Components */,
				4DCBB6AE23B54FEE0040BC19 /* Files */,
				4DCBB6B223B552C00040BC19 /* InputViews */,
				4DCBB6B123B552AE0040BC19 /* Layouts */,
				4DCBB6B323B552CF0040BC19 /* Lists */,
			);
			path = Views;
			sourceTree = "<group>";
		};
		4DD472C322AF4AA500AE22F0 /* Extensions */ = {
			isa = PBXGroup;
			children = (
				4DEDD80423A9B7690028F0CF /* Array+PixelColor.swift */,
				4DBFD3CC22B6E36800A18CB7 /* CGSize+Additions.swift */,
				4DD472C622AF4B3F00AE22F0 /* Array+UInt8.swift */,
				4D7F387922B08D6000D9B606 /* String+Additions.swift */,
				4DD472C422AF4AB800AE22F0 /* UIImage+Pixel.swift */,
				4D7F387722B0892900D9B606 /* UIView+Additions.swift */,
				4DBFD3CA22B6E1D200A18CB7 /* UIView+NSLayoutConstraint.swift */,
				4DEBB53622B700BB00AB9DF0 /* UIScrollView+Additions.swift */,
			);
			path = Extensions;
			sourceTree = "<group>";
		};
		4DEDD80123A9B6FE0028F0CF /* Drawing */ = {
			isa = PBXGroup;
			children = (
				4DEDD80223A9B7090028F0CF /* DrawManager.swift */,
			);
			path = Drawing;
			sourceTree = "<group>";
		};
		4DF18B8A23946139007F98F1 /* Color */ = {
			isa = PBXGroup;
			children = (
				4DF18B8B23946145007F98F1 /* ColorManager.swift */,
				4DF18B8D23946162007F98F1 /* ColorPalette.swift */,
				4DD472C122AF48D700AE22F0 /* PixelColor.swift */,
				4DAA729B2395EB2C004FDAB6 /* PixelColor+Colors.swift */,
			);
			path = Color;
			sourceTree = "<group>";
		};
/* End PBXGroup section */

/* Begin PBXNativeTarget section */
		4DD4728822AF44F500AE22F0 /* Pixelyrm */ = {
			isa = PBXNativeTarget;
			buildConfigurationList = 4DD472B322AF44F700AE22F0 /* Build configuration list for PBXNativeTarget "Pixelyrm" */;
			buildPhases = (
				4DD4728522AF44F500AE22F0 /* Sources */,
				4DD4728622AF44F500AE22F0 /* Frameworks */,
				4DD4728722AF44F500AE22F0 /* Resources */,
			);
			buildRules = (
			);
			dependencies = (
			);
			name = Pixelyrm;
			productName = Pixelyrm;
			productReference = 4DD4728922AF44F500AE22F0 /* Pixelyrm.app */;
			productType = "com.apple.product-type.application";
		};
		4DD4729E22AF44F700AE22F0 /* PixelyrmTests */ = {
			isa = PBXNativeTarget;
			buildConfigurationList = 4DD472B622AF44F700AE22F0 /* Build configuration list for PBXNativeTarget "PixelyrmTests" */;
			buildPhases = (
				4DD4729B22AF44F700AE22F0 /* Sources */,
				4DD4729C22AF44F700AE22F0 /* Frameworks */,
				4DD4729D22AF44F700AE22F0 /* Resources */,
			);
			buildRules = (
			);
			dependencies = (
				4DD472A122AF44F700AE22F0 /* PBXTargetDependency */,
			);
			name = PixelyrmTests;
			productName = PixelyrmTests;
			productReference = 4DD4729F22AF44F700AE22F0 /* PixelyrmTests.xctest */;
			productType = "com.apple.product-type.bundle.unit-test";
		};
		4DD472A922AF44F700AE22F0 /* PixelyrmUITests */ = {
			isa = PBXNativeTarget;
			buildConfigurationList = 4DD472B922AF44F700AE22F0 /* Build configuration list for PBXNativeTarget "PixelyrmUITests" */;
			buildPhases = (
				4DD472A622AF44F700AE22F0 /* Sources */,
				4DD472A722AF44F700AE22F0 /* Frameworks */,
				4DD472A822AF44F700AE22F0 /* Resources */,
			);
			buildRules = (
			);
			dependencies = (
				4DD472AC22AF44F700AE22F0 /* PBXTargetDependency */,
			);
			name = PixelyrmUITests;
			productName = PixelyrmUITests;
			productReference = 4DD472AA22AF44F700AE22F0 /* PixelyrmUITests.xctest */;
			productType = "com.apple.product-type.bundle.ui-testing";
		};
/* End PBXNativeTarget section */

/* Begin PBXProject section */
		4DD4728122AF44F500AE22F0 /* Project object */ = {
			isa = PBXProject;
			attributes = {
				LastSwiftUpdateCheck = 1100;
				LastUpgradeCheck = 1100;
				ORGANIZATIONNAME = "Michael Daniels";
				TargetAttributes = {
					4DD4728822AF44F500AE22F0 = {
						CreatedOnToolsVersion = 11.0;
					};
					4DD4729E22AF44F700AE22F0 = {
						CreatedOnToolsVersion = 11.0;
						TestTargetID = 4DD4728822AF44F500AE22F0;
					};
					4DD472A922AF44F700AE22F0 = {
						CreatedOnToolsVersion = 11.0;
						TestTargetID = 4DD4728822AF44F500AE22F0;
					};
				};
			};
			buildConfigurationList = 4DD4728422AF44F500AE22F0 /* Build configuration list for PBXProject "Pixelyrm" */;
			compatibilityVersion = "Xcode 9.3";
			developmentRegion = en;
			hasScannedForEncodings = 0;
			knownRegions = (
				en,
				Base,
			);
			mainGroup = 4DD4728022AF44F500AE22F0;
			productRefGroup = 4DD4728A22AF44F500AE22F0 /* Products */;
			projectDirPath = "";
			projectRoot = "";
			targets = (
				4DD4728822AF44F500AE22F0 /* Pixelyrm */,
				4DD4729E22AF44F700AE22F0 /* PixelyrmTests */,
				4DD472A922AF44F700AE22F0 /* PixelyrmUITests */,
			);
		};
/* End PBXProject section */

/* Begin PBXResourcesBuildPhase section */
		4DD4728722AF44F500AE22F0 /* Resources */ = {
			isa = PBXResourcesBuildPhase;
			buildActionMask = 2147483647;
			files = (
				4DD4729922AF44F700AE22F0 /* LaunchScreen.storyboard in Resources */,
				4DD4729622AF44F700AE22F0 /* Preview Assets.xcassets in Resources */,
				4DD4729322AF44F700AE22F0 /* Assets.xcassets in Resources */,
			);
			runOnlyForDeploymentPostprocessing = 0;
		};
		4DD4729D22AF44F700AE22F0 /* Resources */ = {
			isa = PBXResourcesBuildPhase;
			buildActionMask = 2147483647;
			files = (
			);
			runOnlyForDeploymentPostprocessing = 0;
		};
		4DD472A822AF44F700AE22F0 /* Resources */ = {
			isa = PBXResourcesBuildPhase;
			buildActionMask = 2147483647;
			files = (
			);
			runOnlyForDeploymentPostprocessing = 0;
		};
/* End PBXResourcesBuildPhase section */

/* Begin PBXSourcesBuildPhase section */
		4DD4728522AF44F500AE22F0 /* Sources */ = {
			isa = PBXSourcesBuildPhase;
			buildActionMask = 2147483647;
			files = (
				4D613FF623AB331300308151 /* EraserFloodTool.swift in Sources */,
				4D93894823AE8C0C00E1F854 /* RedoTool.swift in Sources */,
				4D65620B23B325F000F878E6 /* GridListView.swift in Sources */,
				4D613FF223AB25DE00308151 /* CircleOutlineTool.swift in Sources */,
				4DF18B8C23946145007F98F1 /* ColorManager.swift in Sources */,
				4DCBB6BA23B573F80040BC19 /* Document.swift in Sources */,
				4D626E0422B906360082631D /* RotateTool.swift in Sources */,
				4DBFD3CD22B6E36800A18CB7 /* CGSize+Additions.swift in Sources */,
				4DD472C522AF4AB800AE22F0 /* UIImage+Pixel.swift in Sources */,
				4D1BC2CB23AC7EB600BE6DCD /* LayersListView.swift in Sources */,
				4DBFD3C322B6B6F500A18CB7 /* IntSize.swift in Sources */,
				4D704A2523A87AB8004950BF /* TouchInputView.swift in Sources */,
				4D93895023AED51E00E1F854 /* EffectsView.swift in Sources */,
				4DEDD80323A9B7090028F0CF /* DrawManager.swift in Sources */,
				4D190F0323A8681200436018 /* ZoomView.swift in Sources */,
				4D7F7F9923AB1D8E006771E6 /* EraserTool.swift in Sources */,
				4D8B05862398A6CE00A9AAAC /* ToolPickerView.swift in Sources */,
				4DD7986C23A6F98800E95FB0 /* CanvasLayerImageView.swift in Sources */,
				4DCBB6A923B537870040BC19 /* ViewModifiers.swift in Sources */,
				4DF18B902394635E007F98F1 /* ColorPickerView.swift in Sources */,
				4D56BEE923AFD3A200DDFF2F /* MenuManager.swift in Sources */,
				4DD2865B23A6D54B007D632D /* LayerManager.swift in Sources */,
				4D21478723AFEE08002B24DD /* WideView.swift in Sources */,
				4D56BEE523AFC0F200DDFF2F /* URL+Additions.swift in Sources */,
				4D626E0022B9039D0082631D /* LineTool.swift in Sources */,
				4D21478B23B00838002B24DD /* GridView.swift in Sources */,
				4DCBB6B823B55A840040BC19 /* SFSymbol.swift in Sources */,
				4D613FF423AB28B000308151 /* FloodTool.swift in Sources */,
				4DD4728D22AF44F500AE22F0 /* AppDelegate.swift in Sources */,
				4D7F387A22B08D6000D9B606 /* String+Additions.swift in Sources */,
				4D613FEE23AB228900308151 /* RectangleOutlineTool.swift in Sources */,
				4D93894623AE8C0500E1F854 /* UndoTool.swift in Sources */,
				4D21478523AFED0E002B24DD /* CompactView.swift in Sources */,
				4DF18B8E23946162007F98F1 /* ColorPalette.swift in Sources */,
				4D93894423AE885400E1F854 /* HistoryManager.swift in Sources */,
				4D626E0222B905620082631D /* ElipseTool.swift in Sources */,
				4DD8F78023A08C3600D7FE18 /* Images.swift in Sources */,
				4D626DFA22B87AFB0082631D /* ToolProtocol.swift in Sources */,
				4DF18B9423947BB5007F98F1 /* SelectedColorsView.swift in Sources */,
				4DD4728F22AF44F500AE22F0 /* SceneDelegate.swift in Sources */,
				4DEBB53722B700BB00AB9DF0 /* UIScrollView+Additions.swift in Sources */,
				4D7F387822B0892900D9B606 /* UIView+Additions.swift in Sources */,
				4DD472C722AF4B3F00AE22F0 /* Array+UInt8.swift in Sources */,
				4DD472C222AF48D700AE22F0 /* PixelColor.swift in Sources */,
				4D613FF023AB256E00308151 /* RectangleFillTool.swift in Sources */,
				4DD7986A23A6F76300E95FB0 /* LayerData.swift in Sources */,
				4DBFD3CB22B6E1D200A18CB7 /* UIView+NSLayoutConstraint.swift in Sources */,
				4D56BEE323AFC00200DDFF2F /* FileManager+Additions.swift in Sources */,
				4DAA729C2395EB2C004FDAB6 /* PixelColor+Colors.swift in Sources */,
				4DD4729122AF44F500AE22F0 /* ContentView.swift in Sources */,
				4DCBB6B023B54FF60040BC19 /* FileView.swift in Sources */,
				4D93894E23AED45100E1F854 /* DrawView.swift in Sources */,
				4DAA72A0239616E4004FDAB6 /* ToolManager.swift in Sources */,
				4DF606D02397653B002EA24C /* AppModel.swift in Sources */,
				4D4B192423A0A7B3002B78DB /* EffectManager.swift in Sources */,
				4D8212D223BD653B00EBD281 /* FrameManager.swift in Sources */,
				4DEDD80523A9B7690028F0CF /* Array+PixelColor.swift in Sources */,
				4DBFD3C922B6D6CF00A18CB7 /* IntPoint.swift in Sources */,
				4D626E0622B906DB0082631D /* TransformTool.swift in Sources */,
				4D7F7F9723AAE634006771E6 /* CanvasLayer.swift in Sources */,
				4D8B05892398A7D600A9AAAC /* PalettePixel.swift in Sources */,
				4D56BEE723AFC70000DDFF2F /* FileManager+Images.swift in Sources */,
				4D626DFE22B9038F0082631D /* PencilTool.swift in Sources */,
				4D087D3E23B7B03900A68C89 /* LayerData+Codable.swift in Sources */,
				4DCBB6B523B554540040BC19 /* MenuView.swift in Sources */,
			);
			runOnlyForDeploymentPostprocessing = 0;
		};
		4DD4729B22AF44F700AE22F0 /* Sources */ = {
			isa = PBXSourcesBuildPhase;
			buildActionMask = 2147483647;
			files = (
				4DD472A422AF44F700AE22F0 /* PixelyrmTests.swift in Sources */,
			);
			runOnlyForDeploymentPostprocessing = 0;
		};
		4DD472A622AF44F700AE22F0 /* Sources */ = {
			isa = PBXSourcesBuildPhase;
			buildActionMask = 2147483647;
			files = (
				4DD472AF22AF44F700AE22F0 /* PixelyrmUITests.swift in Sources */,
			);
			runOnlyForDeploymentPostprocessing = 0;
		};
/* End PBXSourcesBuildPhase section */

/* Begin PBXTargetDependency section */
		4DD472A122AF44F700AE22F0 /* PBXTargetDependency */ = {
			isa = PBXTargetDependency;
			target = 4DD4728822AF44F500AE22F0 /* Pixelyrm */;
			targetProxy = 4DD472A022AF44F700AE22F0 /* PBXContainerItemProxy */;
		};
		4DD472AC22AF44F700AE22F0 /* PBXTargetDependency */ = {
			isa = PBXTargetDependency;
			target = 4DD4728822AF44F500AE22F0 /* Pixelyrm */;
			targetProxy = 4DD472AB22AF44F700AE22F0 /* PBXContainerItemProxy */;
		};
/* End PBXTargetDependency section */

/* Begin PBXVariantGroup section */
		4DD4729722AF44F700AE22F0 /* LaunchScreen.storyboard */ = {
			isa = PBXVariantGroup;
			children = (
				4DD4729822AF44F700AE22F0 /* Base */,
			);
			name = LaunchScreen.storyboard;
			sourceTree = "<group>";
		};
/* End PBXVariantGroup section */

/* Begin XCBuildConfiguration section */
		4DD472B122AF44F700AE22F0 /* Debug */ = {
			isa = XCBuildConfiguration;
			buildSettings = {
				ALWAYS_SEARCH_USER_PATHS = NO;
				CLANG_ANALYZER_NONNULL = YES;
				CLANG_ANALYZER_NUMBER_OBJECT_CONVERSION = YES_AGGRESSIVE;
				CLANG_CXX_LANGUAGE_STANDARD = "gnu++14";
				CLANG_CXX_LIBRARY = "libc++";
				CLANG_ENABLE_MODULES = YES;
				CLANG_ENABLE_OBJC_ARC = YES;
				CLANG_ENABLE_OBJC_WEAK = YES;
				CLANG_WARN_BLOCK_CAPTURE_AUTORELEASING = YES;
				CLANG_WARN_BOOL_CONVERSION = YES;
				CLANG_WARN_COMMA = YES;
				CLANG_WARN_CONSTANT_CONVERSION = YES;
				CLANG_WARN_DEPRECATED_OBJC_IMPLEMENTATIONS = YES;
				CLANG_WARN_DIRECT_OBJC_ISA_USAGE = YES_ERROR;
				CLANG_WARN_DOCUMENTATION_COMMENTS = YES;
				CLANG_WARN_EMPTY_BODY = YES;
				CLANG_WARN_ENUM_CONVERSION = YES;
				CLANG_WARN_INFINITE_RECURSION = YES;
				CLANG_WARN_INT_CONVERSION = YES;
				CLANG_WARN_NON_LITERAL_NULL_CONVERSION = YES;
				CLANG_WARN_OBJC_IMPLICIT_RETAIN_SELF = YES;
				CLANG_WARN_OBJC_LITERAL_CONVERSION = YES;
				CLANG_WARN_OBJC_ROOT_CLASS = YES_ERROR;
				CLANG_WARN_RANGE_LOOP_ANALYSIS = YES;
				CLANG_WARN_STRICT_PROTOTYPES = YES;
				CLANG_WARN_SUSPICIOUS_MOVE = YES;
				CLANG_WARN_UNGUARDED_AVAILABILITY = YES_AGGRESSIVE;
				CLANG_WARN_UNREACHABLE_CODE = YES;
				CLANG_WARN__DUPLICATE_METHOD_MATCH = YES;
				COPY_PHASE_STRIP = NO;
				DEBUG_INFORMATION_FORMAT = dwarf;
				ENABLE_STRICT_OBJC_MSGSEND = YES;
				ENABLE_TESTABILITY = YES;
				GCC_C_LANGUAGE_STANDARD = gnu11;
				GCC_DYNAMIC_NO_PIC = NO;
				GCC_NO_COMMON_BLOCKS = YES;
				GCC_OPTIMIZATION_LEVEL = 0;
				GCC_PREPROCESSOR_DEFINITIONS = (
					"DEBUG=1",
					"$(inherited)",
				);
				GCC_WARN_64_TO_32_BIT_CONVERSION = YES;
				GCC_WARN_ABOUT_RETURN_TYPE = YES_ERROR;
				GCC_WARN_UNDECLARED_SELECTOR = YES;
				GCC_WARN_UNINITIALIZED_AUTOS = YES_AGGRESSIVE;
				GCC_WARN_UNUSED_FUNCTION = YES;
				GCC_WARN_UNUSED_VARIABLE = YES;
				IPHONEOS_DEPLOYMENT_TARGET = 13.0;
				MTL_ENABLE_DEBUG_INFO = INCLUDE_SOURCE;
				MTL_FAST_MATH = YES;
				ONLY_ACTIVE_ARCH = YES;
				SDKROOT = iphoneos;
				SWIFT_ACTIVE_COMPILATION_CONDITIONS = DEBUG;
				SWIFT_OPTIMIZATION_LEVEL = "-Onone";
			};
			name = Debug;
		};
		4DD472B222AF44F700AE22F0 /* Release */ = {
			isa = XCBuildConfiguration;
			buildSettings = {
				ALWAYS_SEARCH_USER_PATHS = NO;
				CLANG_ANALYZER_NONNULL = YES;
				CLANG_ANALYZER_NUMBER_OBJECT_CONVERSION = YES_AGGRESSIVE;
				CLANG_CXX_LANGUAGE_STANDARD = "gnu++14";
				CLANG_CXX_LIBRARY = "libc++";
				CLANG_ENABLE_MODULES = YES;
				CLANG_ENABLE_OBJC_ARC = YES;
				CLANG_ENABLE_OBJC_WEAK = YES;
				CLANG_WARN_BLOCK_CAPTURE_AUTORELEASING = YES;
				CLANG_WARN_BOOL_CONVERSION = YES;
				CLANG_WARN_COMMA = YES;
				CLANG_WARN_CONSTANT_CONVERSION = YES;
				CLANG_WARN_DEPRECATED_OBJC_IMPLEMENTATIONS = YES;
				CLANG_WARN_DIRECT_OBJC_ISA_USAGE = YES_ERROR;
				CLANG_WARN_DOCUMENTATION_COMMENTS = YES;
				CLANG_WARN_EMPTY_BODY = YES;
				CLANG_WARN_ENUM_CONVERSION = YES;
				CLANG_WARN_INFINITE_RECURSION = YES;
				CLANG_WARN_INT_CONVERSION = YES;
				CLANG_WARN_NON_LITERAL_NULL_CONVERSION = YES;
				CLANG_WARN_OBJC_IMPLICIT_RETAIN_SELF = YES;
				CLANG_WARN_OBJC_LITERAL_CONVERSION = YES;
				CLANG_WARN_OBJC_ROOT_CLASS = YES_ERROR;
				CLANG_WARN_RANGE_LOOP_ANALYSIS = YES;
				CLANG_WARN_STRICT_PROTOTYPES = YES;
				CLANG_WARN_SUSPICIOUS_MOVE = YES;
				CLANG_WARN_UNGUARDED_AVAILABILITY = YES_AGGRESSIVE;
				CLANG_WARN_UNREACHABLE_CODE = YES;
				CLANG_WARN__DUPLICATE_METHOD_MATCH = YES;
				COPY_PHASE_STRIP = NO;
				DEBUG_INFORMATION_FORMAT = "dwarf-with-dsym";
				ENABLE_NS_ASSERTIONS = NO;
				ENABLE_STRICT_OBJC_MSGSEND = YES;
				GCC_C_LANGUAGE_STANDARD = gnu11;
				GCC_NO_COMMON_BLOCKS = YES;
				GCC_WARN_64_TO_32_BIT_CONVERSION = YES;
				GCC_WARN_ABOUT_RETURN_TYPE = YES_ERROR;
				GCC_WARN_UNDECLARED_SELECTOR = YES;
				GCC_WARN_UNINITIALIZED_AUTOS = YES_AGGRESSIVE;
				GCC_WARN_UNUSED_FUNCTION = YES;
				GCC_WARN_UNUSED_VARIABLE = YES;
				IPHONEOS_DEPLOYMENT_TARGET = 13.0;
				MTL_ENABLE_DEBUG_INFO = NO;
				MTL_FAST_MATH = YES;
				SDKROOT = iphoneos;
				SWIFT_COMPILATION_MODE = wholemodule;
				SWIFT_OPTIMIZATION_LEVEL = "-O";
				VALIDATE_PRODUCT = YES;
			};
			name = Release;
		};
		4DD472B422AF44F700AE22F0 /* Debug */ = {
			isa = XCBuildConfiguration;
			buildSettings = {
				ASSETCATALOG_COMPILER_APPICON_NAME = AppIcon;
				CODE_SIGN_ENTITLEMENTS = Pixelyrm/Pixelyrm.entitlements;
				CODE_SIGN_STYLE = Automatic;
				DERIVE_UIKITFORMAC_PRODUCT_BUNDLE_IDENTIFIER = YES;
				DEVELOPMENT_ASSET_PATHS = "Pixelyrm/Preview\\ Content";
				DEVELOPMENT_TEAM = SC53RX7889;
				ENABLE_PREVIEWS = YES;
				INFOPLIST_FILE = Pixelyrm/Info.plist;
				IPHONEOS_DEPLOYMENT_TARGET = 13.2;
				LD_RUNPATH_SEARCH_PATHS = (
					"$(inherited)",
					"@executable_path/Frameworks",
				);
				PRODUCT_BUNDLE_IDENTIFIER = com.mikeytdan.Pixelyrm;
				PRODUCT_NAME = "$(TARGET_NAME)";
				SUPPORTS_UIKITFORMAC = YES;
				SWIFT_VERSION = 5.0;
				TARGETED_DEVICE_FAMILY = "1,2";
			};
			name = Debug;
		};
		4DD472B522AF44F700AE22F0 /* Release */ = {
			isa = XCBuildConfiguration;
			buildSettings = {
				ASSETCATALOG_COMPILER_APPICON_NAME = AppIcon;
				CODE_SIGN_ENTITLEMENTS = Pixelyrm/Pixelyrm.entitlements;
				CODE_SIGN_STYLE = Automatic;
				DERIVE_UIKITFORMAC_PRODUCT_BUNDLE_IDENTIFIER = YES;
				DEVELOPMENT_ASSET_PATHS = "Pixelyrm/Preview\\ Content";
				DEVELOPMENT_TEAM = SC53RX7889;
				ENABLE_PREVIEWS = YES;
				INFOPLIST_FILE = Pixelyrm/Info.plist;
				IPHONEOS_DEPLOYMENT_TARGET = 13.2;
				LD_RUNPATH_SEARCH_PATHS = (
					"$(inherited)",
					"@executable_path/Frameworks",
				);
				PRODUCT_BUNDLE_IDENTIFIER = com.mikeytdan.Pixelyrm;
				PRODUCT_NAME = "$(TARGET_NAME)";
				SUPPORTS_UIKITFORMAC = YES;
				SWIFT_VERSION = 5.0;
				TARGETED_DEVICE_FAMILY = "1,2";
			};
			name = Release;
		};
		4DD472B722AF44F700AE22F0 /* Debug */ = {
			isa = XCBuildConfiguration;
			buildSettings = {
				ALWAYS_EMBED_SWIFT_STANDARD_LIBRARIES = YES;
				BUNDLE_LOADER = "$(TEST_HOST)";
				CODE_SIGN_STYLE = Automatic;
				DEVELOPMENT_TEAM = SC53RX7889;
				INFOPLIST_FILE = PixelyrmTests/Info.plist;
				LD_RUNPATH_SEARCH_PATHS = (
					"$(inherited)",
					"@executable_path/Frameworks",
					"@loader_path/Frameworks",
				);
				PRODUCT_BUNDLE_IDENTIFIER = com.mikeytdan.PixelyrmTests;
				PRODUCT_NAME = "$(TARGET_NAME)";
				SWIFT_VERSION = 5.0;
				TARGETED_DEVICE_FAMILY = "1,2";
				TEST_HOST = "$(BUILT_PRODUCTS_DIR)/Pixelyrm.app/Pixelyrm";
			};
			name = Debug;
		};
		4DD472B822AF44F700AE22F0 /* Release */ = {
			isa = XCBuildConfiguration;
			buildSettings = {
				ALWAYS_EMBED_SWIFT_STANDARD_LIBRARIES = YES;
				BUNDLE_LOADER = "$(TEST_HOST)";
				CODE_SIGN_STYLE = Automatic;
				DEVELOPMENT_TEAM = SC53RX7889;
				INFOPLIST_FILE = PixelyrmTests/Info.plist;
				LD_RUNPATH_SEARCH_PATHS = (
					"$(inherited)",
					"@executable_path/Frameworks",
					"@loader_path/Frameworks",
				);
				PRODUCT_BUNDLE_IDENTIFIER = com.mikeytdan.PixelyrmTests;
				PRODUCT_NAME = "$(TARGET_NAME)";
				SWIFT_VERSION = 5.0;
				TARGETED_DEVICE_FAMILY = "1,2";
				TEST_HOST = "$(BUILT_PRODUCTS_DIR)/Pixelyrm.app/Pixelyrm";
			};
			name = Release;
		};
		4DD472BA22AF44F700AE22F0 /* Debug */ = {
			isa = XCBuildConfiguration;
			buildSettings = {
				ALWAYS_EMBED_SWIFT_STANDARD_LIBRARIES = YES;
				CODE_SIGN_STYLE = Automatic;
				DEVELOPMENT_TEAM = SC53RX7889;
				INFOPLIST_FILE = PixelyrmUITests/Info.plist;
				LD_RUNPATH_SEARCH_PATHS = (
					"$(inherited)",
					"@executable_path/Frameworks",
					"@loader_path/Frameworks",
				);
				PRODUCT_BUNDLE_IDENTIFIER = com.mikeytdan.PixelyrmUITests;
				PRODUCT_NAME = "$(TARGET_NAME)";
				SWIFT_VERSION = 5.0;
				TARGETED_DEVICE_FAMILY = "1,2";
				TEST_TARGET_NAME = Pixelyrm;
			};
			name = Debug;
		};
		4DD472BB22AF44F700AE22F0 /* Release */ = {
			isa = XCBuildConfiguration;
			buildSettings = {
				ALWAYS_EMBED_SWIFT_STANDARD_LIBRARIES = YES;
				CODE_SIGN_STYLE = Automatic;
				DEVELOPMENT_TEAM = SC53RX7889;
				INFOPLIST_FILE = PixelyrmUITests/Info.plist;
				LD_RUNPATH_SEARCH_PATHS = (
					"$(inherited)",
					"@executable_path/Frameworks",
					"@loader_path/Frameworks",
				);
				PRODUCT_BUNDLE_IDENTIFIER = com.mikeytdan.PixelyrmUITests;
				PRODUCT_NAME = "$(TARGET_NAME)";
				SWIFT_VERSION = 5.0;
				TARGETED_DEVICE_FAMILY = "1,2";
				TEST_TARGET_NAME = Pixelyrm;
			};
			name = Release;
		};
/* End XCBuildConfiguration section */

/* Begin XCConfigurationList section */
		4DD4728422AF44F500AE22F0 /* Build configuration list for PBXProject "Pixelyrm" */ = {
			isa = XCConfigurationList;
			buildConfigurations = (
				4DD472B122AF44F700AE22F0 /* Debug */,
				4DD472B222AF44F700AE22F0 /* Release */,
			);
			defaultConfigurationIsVisible = 0;
			defaultConfigurationName = Release;
		};
		4DD472B322AF44F700AE22F0 /* Build configuration list for PBXNativeTarget "Pixelyrm" */ = {
			isa = XCConfigurationList;
			buildConfigurations = (
				4DD472B422AF44F700AE22F0 /* Debug */,
				4DD472B522AF44F700AE22F0 /* Release */,
			);
			defaultConfigurationIsVisible = 0;
			defaultConfigurationName = Release;
		};
		4DD472B622AF44F700AE22F0 /* Build configuration list for PBXNativeTarget "PixelyrmTests" */ = {
			isa = XCConfigurationList;
			buildConfigurations = (
				4DD472B722AF44F700AE22F0 /* Debug */,
				4DD472B822AF44F700AE22F0 /* Release */,
			);
			defaultConfigurationIsVisible = 0;
			defaultConfigurationName = Release;
		};
		4DD472B922AF44F700AE22F0 /* Build configuration list for PBXNativeTarget "PixelyrmUITests" */ = {
			isa = XCConfigurationList;
			buildConfigurations = (
				4DD472BA22AF44F700AE22F0 /* Debug */,
				4DD472BB22AF44F700AE22F0 /* Release */,
			);
			defaultConfigurationIsVisible = 0;
			defaultConfigurationName = Release;
		};
/* End XCConfigurationList section */
	};
	rootObject = 4DD4728122AF44F500AE22F0 /* Project object */;
}
